
Microsoft Visual Studio Solution File, Format Version 12.00
# Visual Studio 15
VisualStudioVersion = 15.0.28307.168
MinimumVisualStudioVersion = 10.0.40219.1
Project("{FAE04EC0-301F-11D3-BF4B-00C04F79EFBC}") = "BusinessSoft", "BusinessSoft\BusinessSoft.csproj", "{866A5E24-134C-4CC0-AECD-20C29D559A9C}"
EndProject
Project("{FAE04EC0-301F-11D3-BF4B-00C04F79EFBC}") = "BLL", "BLL\BLL.csproj", "{5BDE581C-9BE9-4379-BEA9-A54A8FB0A27C}"
EndProject
Project("{FAE04EC0-301F-11D3-BF4B-00C04F79EFBC}") = "DAL", "DAL\DAL.csproj", "{AFCE8397-0706-4B86-AB2F-3F26B4B7EA51}"
EndProject
Project("{FAE04EC0-301F-11D3-BF4B-00C04F79EFBC}") = "Entidades", "Entidades\Entidades.csproj", "{1F75D601-57E7-40DC-A613-F7C4FC841BA2}"
EndProject
Project("{FAE04EC0-301F-11D3-BF4B-00C04F79EFBC}") = "BusinessSoftTest", "BusinessSoftTest\BusinessSoftTest.csproj", "{DF41BB33-6182-47CC-B812-4953820FFE04}"
EndProject
Global
	GlobalSection(SolutionConfigurationPlatforms) = preSolution
		Debug|Any CPU = Debug|Any CPU
		Release|Any CPU = Release|Any CPU
	EndGlobalSection
	GlobalSection(ProjectConfigurationPlatforms) = postSolution
		{866A5E24-134C-4CC0-AECD-20C29D559A9C}.Debug|Any CPU.ActiveCfg = Debug|Any CPU
		{866A5E24-134C-4CC0-AECD-20C29D559A9C}.Debug|Any CPU.Build.0 = Debug|Any CPU
		{866A5E24-134C-4CC0-AECD-20C29D559A9C}.Release|Any CPU.ActiveCfg = Release|Any CPU
		{866A5E24-134C-4CC0-AECD-20C29D559A9C}.Release|Any CPU.Build.0 = Release|Any CPU
		{5BDE581C-9BE9-4379-BEA9-A54A8FB0A27C}.Debug|Any CPU.ActiveCfg = Debug|Any CPU
		{5BDE581C-9BE9-4379-BEA9-A54A8FB0A27C}.Debug|Any CPU.Build.0 = Debug|Any CPU
		{5BDE581C-9BE9-4379-BEA9-A54A8FB0A27C}.Release|Any CPU.ActiveCfg = Release|Any CPU
		{5BDE581C-9BE9-4379-BEA9-A54A8FB0A27C}.Release|Any CPU.Build.0 = Release|Any CPU
		{AFCE8397-0706-4B86-AB2F-3F26B4B7EA51}.Debug|Any CPU.ActiveCfg = Debug|Any CPU
		{AFCE8397-0706-4B86-AB2F-3F26B4B7EA51}.Debug|Any CPU.Build.0 = Debug|Any CPU
		{AFCE8397-0706-4B86-AB2F-3F26B4B7EA51}.Release|Any CPU.ActiveCfg = Release|Any CPU
		{AFCE8397-0706-4B86-AB2F-3F26B4B7EA51}.Release|Any CPU.Build.0 = Release|Any CPU
		{1F75D601-57E7-40DC-A613-F7C4FC841BA2}.Debug|Any CPU.ActiveCfg = Debug|Any CPU
		{1F75D601-57E7-40DC-A613-F7C4FC841BA2}.Debug|Any CPU.Build.0 = Debug|Any CPU
		{1F75D601-57E7-40DC-A613-F7C4FC841BA2}.Release|Any CPU.ActiveCfg = Release|Any CPU
		{1F75D601-57E7-40DC-A613-F7C4FC841BA2}.Release|Any CPU.Build.0 = Release|Any CPU
		{DF41BB33-6182-47CC-B812-4953820FFE04}.Debug|Any CPU.ActiveCfg = Debug|Any CPU
		{DF41BB33-6182-47CC-B812-4953820FFE04}.Debug|Any CPU.Build.0 = Debug|Any CPU
		{DF41BB33-6182-47CC-B812-4953820FFE04}.Release|Any CPU.ActiveCfg = Release|Any CPU
		{DF41BB33-6182-47CC-B812-4953820FFE04}.Release|Any CPU.Build.0 = Release|Any CPU
	EndGlobalSection
	GlobalSection(SolutionProperties) = preSolution
		HideSolutionNode = FALSE
	EndGlobalSection
	GlobalSection(ExtensibilityGlobals) = postSolution
		SolutionGuid = {B9AE5063-7F29-4B42-A7DA-1356867D745A}
	EndGlobalSection
EndGlobal
